
Microsoft Visual Studio Solution File, Format Version 12.00
# Visual Studio 15
VisualStudioVersion = 15.0.26510.0
MinimumVisualStudioVersion = 10.0.40219.1
Project("{9A19103F-16F7-4668-BE54-9A1E7A4F7556}") = "MarkdownSharp", "MarkdownSharp\MarkdownSharp.csproj", "{B51D5077-871C-4E89-9EE7-D09C2044959C}"
EndProject
Project("{9A19103F-16F7-4668-BE54-9A1E7A4F7556}") = "MarkdownSharpTests", "MarkdownSharpTests\MarkdownSharpTests.csproj", "{CA355E15-4255-4CE8-A8D2-2CCAE45B3346}"
EndProject
Global
	GlobalSection(SolutionConfigurationPlatforms) = preSolution
		Debug|Any CPU = Debug|Any CPU
		Release|Any CPU = Release|Any CPU
	EndGlobalSection
	GlobalSection(ProjectConfigurationPlatforms) = postSolution
		{B51D5077-871C-4E89-9EE7-D09C2044959C}.Debug|Any CPU.ActiveCfg = Debug|Any CPU
		{B51D5077-871C-4E89-9EE7-D09C2044959C}.Debug|Any CPU.Build.0 = Debug|Any CPU
		{B51D5077-871C-4E89-9EE7-D09C2044959C}.Release|Any CPU.ActiveCfg = Release|Any CPU
		{B51D5077-871C-4E89-9EE7-D09C2044959C}.Release|Any CPU.Build.0 = Release|Any CPU
		{CA355E15-4255-4CE8-A8D2-2CCAE45B3346}.Debug|Any CPU.ActiveCfg = Debug|Any CPU
		{CA355E15-4255-4CE8-A8D2-2CCAE45B3346}.Debug|Any CPU.Build.0 = Debug|Any CPU
		{CA355E15-4255-4CE8-A8D2-2CCAE45B3346}.Release|Any CPU.ActiveCfg = Release|Any CPU
		{CA355E15-4255-4CE8-A8D2-2CCAE45B3346}.Release|Any CPU.Build.0 = Release|Any CPU
	EndGlobalSection
	GlobalSection(SolutionProperties) = preSolution
		HideSolutionNode = FALSE
	EndGlobalSection
EndGlobal
